Microsoft Visual Studio Solution File, Format Version 12.00
# Visual Studio 2012
Project("{FAE04EC0-301F-11D3-BF4B-00C04F79EFBC}") = "Qorpent.Core", "Qorpent.Core\Qorpent.Core.csproj", "{880F65EA-1A22-4672-A137-FFC91290A209}"
EndProject
Project("{2150E333-8FDC-42A3-9474-1A3956D46DE8}") = "Tests", "Tests", "{690AA1DD-503E-47C0-AA58-53529331D847}"
EndProject
Project("{2150E333-8FDC-42A3-9474-1A3956D46DE8}") = "commons", "commons", "{C2A79FDB-910A-44E8-9B99-710642104C7E}"
	ProjectSection(SolutionItems) = preProject
		.gitattributes = .gitattributes
		.gitignore = .gitignore
		build = build
		..\qorpent.kernel\build.targets = ..\qorpent.kernel\build.targets
		commons\default-log.ioc-manifest.bxl = commons\default-log.ioc-manifest.bxl
		commons\default-template.build = commons\default-template.build
		install = install
		commons\log.ioc-template = commons\log.ioc-template
		commons\ndoc3ext.xslt = commons\ndoc3ext.xslt
		commons\notes.txt = commons\notes.txt
		PackageAssemblyInfo.cs = PackageAssemblyInfo.cs
		README.md = README.md
		commons\webapp.build = commons\webapp.build
	EndProjectSection
EndProject
Project("{FAE04EC0-301F-11D3-BF4B-00C04F79EFBC}") = "Qorpent.IO", "Qorpent.IO\Qorpent.IO.csproj", "{426C92DF-3C40-426C-B0BE-40A1DF9044C2}"
EndProject
Project("{FAE04EC0-301F-11D3-BF4B-00C04F79EFBC}") = "Qorpent.IoC", "Qorpent.IoC\Qorpent.IoC.csproj", "{62F22FFA-A1CF-4A74-838C-9AB33A9442EA}"
EndProject
Project("{FAE04EC0-301F-11D3-BF4B-00C04F79EFBC}") = "Qorpent.Log", "Qorpent.Log\Qorpent.Log.csproj", "{77D47855-A3D4-4B92-9FC0-C2EDEE27A8A7}"
EndProject
Project("{FAE04EC0-301F-11D3-BF4B-00C04F79EFBC}") = "Qorpent.Mvc", "Qorpent.Mvc\Qorpent.Mvc.csproj", "{96885C8F-AD20-41B4-86EE-BC9B3D47D9F9}"
EndProject
Project("{FAE04EC0-301F-11D3-BF4B-00C04F79EFBC}") = "Qorpent.Security", "Qorpent.Security\Qorpent.Security.csproj", "{ECB429BC-3E76-4FCD-897E-235B546C8738}"
EndProject
Project("{FAE04EC0-301F-11D3-BF4B-00C04F79EFBC}") = "Qorpent.Serialization", "Qorpent.Serialization\Qorpent.Serialization.csproj", "{21971F28-8ED8-4F50-B623-E9DB2658AF54}"
EndProject
Project("{FAE04EC0-301F-11D3-BF4B-00C04F79EFBC}") = "Qorpent.IoC.Tests", "Qorpent.IoC.Tests\Qorpent.IoC.Tests.csproj", "{0403B026-5047-41A4-98EE-62F2D92B812C}"
EndProject
Project("{FAE04EC0-301F-11D3-BF4B-00C04F79EFBC}") = "Qorpent.Log.Tests", "Qorpent.Log.Tests\Qorpent.Log.Tests.csproj", "{1571576A-27DE-4470-8AAD-A76E8CF111D1}"
EndProject
Project("{FAE04EC0-301F-11D3-BF4B-00C04F79EFBC}") = "Qorpent.Mvc.Tests", "Qorpent.Mvc.Tests\Qorpent.Mvc.Tests.csproj", "{EAB144DB-F0C6-4192-8FA7-AFBA2A663A8C}"
EndProject
Project("{FAE04EC0-301F-11D3-BF4B-00C04F79EFBC}") = "Qorpent.Security.Tests", "Qorpent.Security.Tests\Qorpent.Security.Tests.csproj", "{176E6AB2-A219-4A45-9374-EEDB725B3B1C}"
EndProject
Project("{FAE04EC0-301F-11D3-BF4B-00C04F79EFBC}") = "Qorpent.Serialization.Tests", "Qorpent.Serialization.Tests\Qorpent.Serialization.Tests.csproj", "{8A00570F-4D51-46EE-BA1D-52EC2A7BD38A}"
EndProject
Project("{FAE04EC0-301F-11D3-BF4B-00C04F79EFBC}") = "Qorpent.Data", "Qorpent.Data\Qorpent.Data.csproj", "{E762ABB0-9982-444C-A2B5-23B5866954F3}"
EndProject
Project("{FAE04EC0-301F-11D3-BF4B-00C04F79EFBC}") = "Qorpent.Data.Tests", "Qorpent.Data.Tests\Qorpent.Data.Tests.csproj", "{16ABD509-8E84-46F5-9F56-1E5E4B5B3913}"
EndProject
Project("{FAE04EC0-301F-11D3-BF4B-00C04F79EFBC}") = "Qorpent.IO.Tests", "Qorpent.IO.Tests\Qorpent.IO.Tests.csproj", "{4F6F2194-F11D-4CC6-8BB1-7D20F97EC082}"
EndProject
Project("{FAE04EC0-301F-11D3-BF4B-00C04F79EFBC}") = "Qorpent.EmbedCode", "Qorpent.EmbedCode\Qorpent.EmbedCode.csproj", "{55E63174-CFA1-4555-BF3B-DA7AFAD92819}"
EndProject
Project("{FAE04EC0-301F-11D3-BF4B-00C04F79EFBC}") = "Qorpent.Scaffolding", "Qorpent.Scaffolding\Qorpent.Scaffolding.csproj", "{6934ABA6-5D22-4C03-9591-211E9A930D40}"
EndProject
Project("{FAE04EC0-301F-11D3-BF4B-00C04F79EFBC}") = "Qorpent.Scaffolding.Tests", "Qorpent.Scaffolding.Tests\Qorpent.Scaffolding.Tests.csproj", "{96A49FC6-0C38-4DFB-ABED-D1682B7EFF2D}"
EndProject
Project("{2150E333-8FDC-42A3-9474-1A3956D46DE8}") = "Solution Items", "Solution Items", "{3C9D25F6-1BEE-4E53-9FA3-CD7DCB0FD03B}"
	ProjectSection(SolutionItems) = preProject
		Qorpent.BSharp.Builder\Qorpent.BSharp.Builder.csproj = Qorpent.BSharp.Builder\Qorpent.BSharp.Builder.csproj
	EndProjectSection
EndProject
Project("{FAE04EC0-301F-11D3-BF4B-00C04F79EFBC}") = "Qorpent.BSharp.Builder", "Qorpent.BSharp.Builder\Qorpent.BSharp.Builder.csproj", "{9F8A9B7F-0CAD-47A3-A3C7-F7AC3158864A}"
EndProject
Project("{FAE04EC0-301F-11D3-BF4B-00C04F79EFBC}") = "Qorpent.BSharp.Builder.Exe", "Qorpent.BSharp.Builder.Exe\Qorpent.BSharp.Builder.Exe.csproj", "{CCB8EB2C-9F96-47F4-90E9-E6F7247EDF8E}"
EndProject
Project("{FAE04EC0-301F-11D3-BF4B-00C04F79EFBC}") = "qs.tc", "qs.tc\qs.tc.csproj", "{6DBF93D0-8767-4052-8022-17087DAE8BDE}"
EndProject
Project("{FAE04EC0-301F-11D3-BF4B-00C04F79EFBC}") = "Qorpent.Host", "Qorpent.Host\Qorpent.Host.csproj", "{E31B62A2-2FEF-4EF9-AADC-21B24885E035}"
EndProject
Project("{FAE04EC0-301F-11D3-BF4B-00C04F79EFBC}") = "Qorpent.Host.Tests", "Qorpent.Host.Tests\Qorpent.Host.Tests.csproj", "{AE0B26CF-9B06-4310-B538-839A909DA571}"
EndProject
Project("{FAE04EC0-301F-11D3-BF4B-00C04F79EFBC}") = "Qorpent.Host.Exe", "Qorpent.Host.Exe\Qorpent.Host.Exe.csproj", "{43AE4275-6E9C-41DC-AEE9-EC54FC739B87}"
EndProject
Project("{2150E333-8FDC-42A3-9474-1A3956D46DE8}") = "bxdoc", "bxdoc", "{59578442-A317-46B0-902D-3218F0CCE29C}"
	ProjectSection(SolutionItems) = preProject
		bxdoc\bx-bs-classref.wiki = bxdoc\bx-bs-classref.wiki
		bxdoc\bx-bs-elements.wiki = bxdoc\bx-bs-elements.wiki
		bxdoc\bx-bs-globals.wiki = bxdoc\bx-bs-globals.wiki
		bxdoc\bx-bs-inheritance.wiki = bxdoc\bx-bs-inheritance.wiki
		bxdoc\bx-bs-interpolation.wiki = bxdoc\bx-bs-interpolation.wiki
		bxdoc\bx-bs-nsclasses.wiki = bxdoc\bx-bs-nsclasses.wiki
		bxdoc\bx-bs-overrides.wiki = bxdoc\bx-bs-overrides.wiki
		bxdoc\bx-bs-patches.wiki = bxdoc\bx-bs-patches.wiki
		bxdoc\bx-bs-preview.wiki = bxdoc\bx-bs-preview.wiki
		bxdoc\bx-bs-privates.wiki = bxdoc\bx-bs-privates.wiki
		bxdoc\bx-bxl-attr.wiki = bxdoc\bx-bxl-attr.wiki
		bxdoc\bx-bxl-el.wiki = bxdoc\bx-bxl-el.wiki
		bxdoc\bx-bxl-idattr.wiki = bxdoc\bx-bxl-idattr.wiki
		bsdoc\bx-bxl-literals.wiki = bsdoc\bx-bxl-literals.wiki
		bxdoc\bx-bxl-literals.wiki = bxdoc\bx-bxl-literals.wiki
		bsdoc\bx-bxl-qstart.wiki = bsdoc\bx-bxl-qstart.wiki
		bxdoc\bx-bxl-qstart.wiki = bxdoc\bx-bxl-qstart.wiki
		bsdoc\bx-bxl-syntax.wiki = bsdoc\bx-bxl-syntax.wiki
		bxdoc\bx-bxl-syntax.wiki = bxdoc\bx-bxl-syntax.wiki
		bsdoc\bx-index.wiki = bsdoc\bx-index.wiki
		bxdoc\bx-index.wiki = bxdoc\bx-index.wiki
		bxdoc\bx-legend.wiki = bxdoc\bx-legend.wiki
		bxdoc\bx-preview.wiki = bxdoc\bx-preview.wiki
		bxdoc\bx-realworldsample.wiki = bxdoc\bx-realworldsample.wiki
		bxdoc\ui.bsproj = bxdoc\ui.bsproj
	EndProjectSection
EndProject
Project("{FAE04EC0-301F-11D3-BF4B-00C04F79EFBC}") = "Qorpent.BxlParser.Exe", "Qorpent.BxlParser.Exe\Qorpent.BxlParser.Exe.csproj", "{85E43634-91E4-4DB8-A3BC-E90FA681C24E}"
EndProject
Project("{FAE04EC0-301F-11D3-BF4B-00C04F79EFBC}") = "Qorpent.Syncer", "Qorpent.Syncer\Qorpent.Syncer.csproj", "{2E0E024B-31C4-464F-9F7E-3E9169E0EAF0}"
EndProject
Project("{FAE04EC0-301F-11D3-BF4B-00C04F79EFBC}") = "Qorpent.XDiffDataUpdater", "Qorpent.XDiffDataUpdater\Qorpent.XDiffDataUpdater.csproj", "{89E22910-D2AA-41E2-9717-FC7B27DEC865}"
EndProject
Project("{FAE04EC0-301F-11D3-BF4B-00C04F79EFBC}") = "Qorpent.Integration.SqlExtensions", "Qorpent.Integration.SqlExtensions\Qorpent.Integration.SqlExtensions.csproj", "{91E303FD-01E0-4F79-A6DC-E68BF24B2B04}"
EndProject
Project("{FAE04EC0-301F-11D3-BF4B-00C04F79EFBC}") = "Qorpent.Tools.SqlExtensionsInstaller", "Qorpent.Tools.SqlExtensionsInstaller\Qorpent.Tools.SqlExtensionsInstaller.csproj", "{9156EE53-0EED-4467-B5EF-4583F9DC3645}"
EndProject
Project("{FAE04EC0-301F-11D3-BF4B-00C04F79EFBC}") = "Qorpent.Core.Tests", "Qorpent.Core.Tests\Qorpent.Core.Tests.csproj", "{880F65EA-1A22-4672-A137-FFC912902046}"
EndProject
Project("{FAE04EC0-301F-11D3-BF4B-00C04F79EFBC}") = "Qorpent.Charts.Tests", "Qorpent.Charts.Tests\Qorpent.Charts.Tests.csproj", "{F67214B7-DBB5-4C04-BC13-690CFDB92965}"
EndProject
Project("{FAE04EC0-301F-11D3-BF4B-00C04F79EFBC}") = "Qorpent.Charts", "Qorpent.Charts\Qorpent.Charts.csproj", "{2D2D7E24-C82E-44F1-AF62-78A647570448}"
EndProject
Project("{FAE04EC0-301F-11D3-BF4B-00C04F79EFBC}") = "qorpent.v2.security", "qorpent.v2.security\qorpent.v2.security.csproj", "{5B887177-D99B-4505-B9CD-592363E9AB51}"
EndProject
Project("{FAE04EC0-301F-11D3-BF4B-00C04F79EFBC}") = "qorpent.v2.security.Tests", "qorpent.v2.security.Tests\qorpent.v2.security.Tests.csproj", "{2A4B5398-1C8C-46F3-994A-4D66AB77C56F}"
EndProject
Global
	GlobalSection(SolutionConfigurationPlatforms) = preSolution
		Debug|Any CPU = Debug|Any CPU
		Release|Any CPU = Release|Any CPU
		SQL2008|Any CPU = SQL2008|Any CPU
	EndGlobalSection
	GlobalSection(ProjectConfigurationPlatforms) = postSolution
		{880F65EA-1A22-4672-A137-FFC91290A209}.Debug|Any CPU.ActiveCfg = Debug|Any CPU
		{880F65EA-1A22-4672-A137-FFC91290A209}.Debug|Any CPU.Build.0 = Debug|Any CPU
		{880F65EA-1A22-4672-A137-FFC91290A209}.Release|Any CPU.ActiveCfg = Release|Any CPU
		{880F65EA-1A22-4672-A137-FFC91290A209}.Release|Any CPU.Build.0 = Release|Any CPU
		{880F65EA-1A22-4672-A137-FFC91290A209}.SQL2008|Any CPU.ActiveCfg = SQL2008|Any CPU
		{880F65EA-1A22-4672-A137-FFC91290A209}.SQL2008|Any CPU.Build.0 = SQL2008|Any CPU
		{426C92DF-3C40-426C-B0BE-40A1DF9044C2}.Debug|Any CPU.ActiveCfg = Debug|Any CPU
		{426C92DF-3C40-426C-B0BE-40A1DF9044C2}.Debug|Any CPU.Build.0 = Debug|Any CPU
		{426C92DF-3C40-426C-B0BE-40A1DF9044C2}.Release|Any CPU.ActiveCfg = Release|Any CPU
		{426C92DF-3C40-426C-B0BE-40A1DF9044C2}.Release|Any CPU.Build.0 = Release|Any CPU
		{426C92DF-3C40-426C-B0BE-40A1DF9044C2}.SQL2008|Any CPU.ActiveCfg = SQL2008|Any CPU
		{426C92DF-3C40-426C-B0BE-40A1DF9044C2}.SQL2008|Any CPU.Build.0 = SQL2008|Any CPU
		{62F22FFA-A1CF-4A74-838C-9AB33A9442EA}.Debug|Any CPU.ActiveCfg = Debug|Any CPU
		{62F22FFA-A1CF-4A74-838C-9AB33A9442EA}.Debug|Any CPU.Build.0 = Debug|Any CPU
		{62F22FFA-A1CF-4A74-838C-9AB33A9442EA}.Release|Any CPU.ActiveCfg = Release|Any CPU
		{62F22FFA-A1CF-4A74-838C-9AB33A9442EA}.Release|Any CPU.Build.0 = Release|Any CPU
		{62F22FFA-A1CF-4A74-838C-9AB33A9442EA}.SQL2008|Any CPU.ActiveCfg = SQL2008|Any CPU
		{62F22FFA-A1CF-4A74-838C-9AB33A9442EA}.SQL2008|Any CPU.Build.0 = SQL2008|Any CPU
		{77D47855-A3D4-4B92-9FC0-C2EDEE27A8A7}.Debug|Any CPU.ActiveCfg = Debug|Any CPU
		{77D47855-A3D4-4B92-9FC0-C2EDEE27A8A7}.Debug|Any CPU.Build.0 = Debug|Any CPU
		{77D47855-A3D4-4B92-9FC0-C2EDEE27A8A7}.Release|Any CPU.ActiveCfg = Release|Any CPU
		{77D47855-A3D4-4B92-9FC0-C2EDEE27A8A7}.Release|Any CPU.Build.0 = Release|Any CPU
		{77D47855-A3D4-4B92-9FC0-C2EDEE27A8A7}.SQL2008|Any CPU.ActiveCfg = SQL2008|Any CPU
		{77D47855-A3D4-4B92-9FC0-C2EDEE27A8A7}.SQL2008|Any CPU.Build.0 = SQL2008|Any CPU
		{96885C8F-AD20-41B4-86EE-BC9B3D47D9F9}.Debug|Any CPU.ActiveCfg = Debug|Any CPU
		{96885C8F-AD20-41B4-86EE-BC9B3D47D9F9}.Debug|Any CPU.Build.0 = Debug|Any CPU
		{96885C8F-AD20-41B4-86EE-BC9B3D47D9F9}.Release|Any CPU.ActiveCfg = Release|Any CPU
		{96885C8F-AD20-41B4-86EE-BC9B3D47D9F9}.Release|Any CPU.Build.0 = Release|Any CPU
		{96885C8F-AD20-41B4-86EE-BC9B3D47D9F9}.SQL2008|Any CPU.ActiveCfg = SQL2008|Any CPU
		{96885C8F-AD20-41B4-86EE-BC9B3D47D9F9}.SQL2008|Any CPU.Build.0 = SQL2008|Any CPU
		{ECB429BC-3E76-4FCD-897E-235B546C8738}.Debug|Any CPU.ActiveCfg = Debug|Any CPU
		{ECB429BC-3E76-4FCD-897E-235B546C8738}.Debug|Any CPU.Build.0 = Debug|Any CPU
		{ECB429BC-3E76-4FCD-897E-235B546C8738}.Release|Any CPU.ActiveCfg = Release|Any CPU
		{ECB429BC-3E76-4FCD-897E-235B546C8738}.Release|Any CPU.Build.0 = Release|Any CPU
		{ECB429BC-3E76-4FCD-897E-235B546C8738}.SQL2008|Any CPU.ActiveCfg = SQL2008|Any CPU
		{ECB429BC-3E76-4FCD-897E-235B546C8738}.SQL2008|Any CPU.Build.0 = SQL2008|Any CPU
		{21971F28-8ED8-4F50-B623-E9DB2658AF54}.Debug|Any CPU.ActiveCfg = Debug|Any CPU
		{21971F28-8ED8-4F50-B623-E9DB2658AF54}.Debug|Any CPU.Build.0 = Debug|Any CPU
		{21971F28-8ED8-4F50-B623-E9DB2658AF54}.Release|Any CPU.ActiveCfg = Release|Any CPU
		{21971F28-8ED8-4F50-B623-E9DB2658AF54}.Release|Any CPU.Build.0 = Release|Any CPU
		{21971F28-8ED8-4F50-B623-E9DB2658AF54}.SQL2008|Any CPU.ActiveCfg = SQL2008|Any CPU
		{21971F28-8ED8-4F50-B623-E9DB2658AF54}.SQL2008|Any CPU.Build.0 = SQL2008|Any CPU
		{0403B026-5047-41A4-98EE-62F2D92B812C}.Debug|Any CPU.ActiveCfg = Debug|Any CPU
		{0403B026-5047-41A4-98EE-62F2D92B812C}.Debug|Any CPU.Build.0 = Debug|Any CPU
		{0403B026-5047-41A4-98EE-62F2D92B812C}.Release|Any CPU.ActiveCfg = Release|Any CPU
		{0403B026-5047-41A4-98EE-62F2D92B812C}.Release|Any CPU.Build.0 = Release|Any CPU
		{0403B026-5047-41A4-98EE-62F2D92B812C}.SQL2008|Any CPU.ActiveCfg = SQL2008|Any CPU
		{0403B026-5047-41A4-98EE-62F2D92B812C}.SQL2008|Any CPU.Build.0 = SQL2008|Any CPU
		{1571576A-27DE-4470-8AAD-A76E8CF111D1}.Debug|Any CPU.ActiveCfg = Debug|Any CPU
		{1571576A-27DE-4470-8AAD-A76E8CF111D1}.Debug|Any CPU.Build.0 = Debug|Any CPU
		{1571576A-27DE-4470-8AAD-A76E8CF111D1}.Release|Any CPU.ActiveCfg = Release|Any CPU
		{1571576A-27DE-4470-8AAD-A76E8CF111D1}.Release|Any CPU.Build.0 = Release|Any CPU
		{1571576A-27DE-4470-8AAD-A76E8CF111D1}.SQL2008|Any CPU.ActiveCfg = SQL2008|Any CPU
		{1571576A-27DE-4470-8AAD-A76E8CF111D1}.SQL2008|Any CPU.Build.0 = SQL2008|Any CPU
		{EAB144DB-F0C6-4192-8FA7-AFBA2A663A8C}.Debug|Any CPU.ActiveCfg = Debug|Any CPU
		{EAB144DB-F0C6-4192-8FA7-AFBA2A663A8C}.Debug|Any CPU.Build.0 = Debug|Any CPU
		{EAB144DB-F0C6-4192-8FA7-AFBA2A663A8C}.Release|Any CPU.ActiveCfg = Release|Any CPU
		{EAB144DB-F0C6-4192-8FA7-AFBA2A663A8C}.Release|Any CPU.Build.0 = Release|Any CPU
		{EAB144DB-F0C6-4192-8FA7-AFBA2A663A8C}.SQL2008|Any CPU.ActiveCfg = SQL2008|Any CPU
		{EAB144DB-F0C6-4192-8FA7-AFBA2A663A8C}.SQL2008|Any CPU.Build.0 = SQL2008|Any CPU
		{176E6AB2-A219-4A45-9374-EEDB725B3B1C}.Debug|Any CPU.ActiveCfg = Debug|Any CPU
		{176E6AB2-A219-4A45-9374-EEDB725B3B1C}.Debug|Any CPU.Build.0 = Debug|Any CPU
		{176E6AB2-A219-4A45-9374-EEDB725B3B1C}.Release|Any CPU.ActiveCfg = Release|Any CPU
		{176E6AB2-A219-4A45-9374-EEDB725B3B1C}.Release|Any CPU.Build.0 = Release|Any CPU
		{176E6AB2-A219-4A45-9374-EEDB725B3B1C}.SQL2008|Any CPU.ActiveCfg = SQL2008|Any CPU
		{176E6AB2-A219-4A45-9374-EEDB725B3B1C}.SQL2008|Any CPU.Build.0 = SQL2008|Any CPU
		{8A00570F-4D51-46EE-BA1D-52EC2A7BD38A}.Debug|Any CPU.ActiveCfg = Debug|Any CPU
		{8A00570F-4D51-46EE-BA1D-52EC2A7BD38A}.Debug|Any CPU.Build.0 = Debug|Any CPU
		{8A00570F-4D51-46EE-BA1D-52EC2A7BD38A}.Release|Any CPU.ActiveCfg = Release|Any CPU
		{8A00570F-4D51-46EE-BA1D-52EC2A7BD38A}.Release|Any CPU.Build.0 = Release|Any CPU
		{8A00570F-4D51-46EE-BA1D-52EC2A7BD38A}.SQL2008|Any CPU.ActiveCfg = SQL2008|Any CPU
		{8A00570F-4D51-46EE-BA1D-52EC2A7BD38A}.SQL2008|Any CPU.Build.0 = SQL2008|Any CPU
		{E762ABB0-9982-444C-A2B5-23B5866954F3}.Debug|Any CPU.ActiveCfg = Debug|Any CPU
		{E762ABB0-9982-444C-A2B5-23B5866954F3}.Debug|Any CPU.Build.0 = Debug|Any CPU
		{E762ABB0-9982-444C-A2B5-23B5866954F3}.Release|Any CPU.ActiveCfg = Release|Any CPU
		{E762ABB0-9982-444C-A2B5-23B5866954F3}.Release|Any CPU.Build.0 = Release|Any CPU
		{E762ABB0-9982-444C-A2B5-23B5866954F3}.SQL2008|Any CPU.ActiveCfg = SQL2008|Any CPU
		{E762ABB0-9982-444C-A2B5-23B5866954F3}.SQL2008|Any CPU.Build.0 = SQL2008|Any CPU
		{16ABD509-8E84-46F5-9F56-1E5E4B5B3913}.Debug|Any CPU.ActiveCfg = Debug|Any CPU
		{16ABD509-8E84-46F5-9F56-1E5E4B5B3913}.Debug|Any CPU.Build.0 = Debug|Any CPU
		{16ABD509-8E84-46F5-9F56-1E5E4B5B3913}.Release|Any CPU.ActiveCfg = Release|Any CPU
		{16ABD509-8E84-46F5-9F56-1E5E4B5B3913}.Release|Any CPU.Build.0 = Release|Any CPU
		{16ABD509-8E84-46F5-9F56-1E5E4B5B3913}.SQL2008|Any CPU.ActiveCfg = SQL2008|Any CPU
		{16ABD509-8E84-46F5-9F56-1E5E4B5B3913}.SQL2008|Any CPU.Build.0 = SQL2008|Any CPU
		{4F6F2194-F11D-4CC6-8BB1-7D20F97EC082}.Debug|Any CPU.ActiveCfg = Debug|Any CPU
		{4F6F2194-F11D-4CC6-8BB1-7D20F97EC082}.Debug|Any CPU.Build.0 = Debug|Any CPU
		{4F6F2194-F11D-4CC6-8BB1-7D20F97EC082}.Release|Any CPU.ActiveCfg = Release|Any CPU
		{4F6F2194-F11D-4CC6-8BB1-7D20F97EC082}.Release|Any CPU.Build.0 = Release|Any CPU
		{4F6F2194-F11D-4CC6-8BB1-7D20F97EC082}.SQL2008|Any CPU.ActiveCfg = SQL2008|Any CPU
		{4F6F2194-F11D-4CC6-8BB1-7D20F97EC082}.SQL2008|Any CPU.Build.0 = SQL2008|Any CPU
		{55E63174-CFA1-4555-BF3B-DA7AFAD92819}.Debug|Any CPU.ActiveCfg = Debug|Any CPU
		{55E63174-CFA1-4555-BF3B-DA7AFAD92819}.Debug|Any CPU.Build.0 = Debug|Any CPU
		{55E63174-CFA1-4555-BF3B-DA7AFAD92819}.Release|Any CPU.ActiveCfg = Release|Any CPU
		{55E63174-CFA1-4555-BF3B-DA7AFAD92819}.Release|Any CPU.Build.0 = Release|Any CPU
		{55E63174-CFA1-4555-BF3B-DA7AFAD92819}.SQL2008|Any CPU.ActiveCfg = SQL2008|Any CPU
		{55E63174-CFA1-4555-BF3B-DA7AFAD92819}.SQL2008|Any CPU.Build.0 = SQL2008|Any CPU
		{6934ABA6-5D22-4C03-9591-211E9A930D40}.Debug|Any CPU.ActiveCfg = Debug|Any CPU
		{6934ABA6-5D22-4C03-9591-211E9A930D40}.Debug|Any CPU.Build.0 = Debug|Any CPU
		{6934ABA6-5D22-4C03-9591-211E9A930D40}.Release|Any CPU.ActiveCfg = Release|Any CPU
		{6934ABA6-5D22-4C03-9591-211E9A930D40}.Release|Any CPU.Build.0 = Release|Any CPU
		{6934ABA6-5D22-4C03-9591-211E9A930D40}.SQL2008|Any CPU.ActiveCfg = SQL2008|Any CPU
		{6934ABA6-5D22-4C03-9591-211E9A930D40}.SQL2008|Any CPU.Build.0 = SQL2008|Any CPU
		{96A49FC6-0C38-4DFB-ABED-D1682B7EFF2D}.Debug|Any CPU.ActiveCfg = Debug|Any CPU
		{96A49FC6-0C38-4DFB-ABED-D1682B7EFF2D}.Debug|Any CPU.Build.0 = Debug|Any CPU
		{96A49FC6-0C38-4DFB-ABED-D1682B7EFF2D}.Release|Any CPU.ActiveCfg = Release|Any CPU
		{96A49FC6-0C38-4DFB-ABED-D1682B7EFF2D}.Release|Any CPU.Build.0 = Release|Any CPU
		{96A49FC6-0C38-4DFB-ABED-D1682B7EFF2D}.SQL2008|Any CPU.ActiveCfg = SQL2008|Any CPU
		{96A49FC6-0C38-4DFB-ABED-D1682B7EFF2D}.SQL2008|Any CPU.Build.0 = SQL2008|Any CPU
		{9F8A9B7F-0CAD-47A3-A3C7-F7AC3158864A}.Debug|Any CPU.ActiveCfg = Debug|Any CPU
		{9F8A9B7F-0CAD-47A3-A3C7-F7AC3158864A}.Debug|Any CPU.Build.0 = Debug|Any CPU
		{9F8A9B7F-0CAD-47A3-A3C7-F7AC3158864A}.Release|Any CPU.ActiveCfg = Release|Any CPU
		{9F8A9B7F-0CAD-47A3-A3C7-F7AC3158864A}.Release|Any CPU.Build.0 = Release|Any CPU
		{9F8A9B7F-0CAD-47A3-A3C7-F7AC3158864A}.SQL2008|Any CPU.ActiveCfg = SQL2008|Any CPU
		{9F8A9B7F-0CAD-47A3-A3C7-F7AC3158864A}.SQL2008|Any CPU.Build.0 = SQL2008|Any CPU
		{CCB8EB2C-9F96-47F4-90E9-E6F7247EDF8E}.Debug|Any CPU.ActiveCfg = Debug|Any CPU
		{CCB8EB2C-9F96-47F4-90E9-E6F7247EDF8E}.Debug|Any CPU.Build.0 = Debug|Any CPU
		{CCB8EB2C-9F96-47F4-90E9-E6F7247EDF8E}.Release|Any CPU.ActiveCfg = Release|Any CPU
		{CCB8EB2C-9F96-47F4-90E9-E6F7247EDF8E}.Release|Any CPU.Build.0 = Release|Any CPU
		{CCB8EB2C-9F96-47F4-90E9-E6F7247EDF8E}.SQL2008|Any CPU.ActiveCfg = SQL2008|Any CPU
		{CCB8EB2C-9F96-47F4-90E9-E6F7247EDF8E}.SQL2008|Any CPU.Build.0 = SQL2008|Any CPU
		{6DBF93D0-8767-4052-8022-17087DAE8BDE}.Debug|Any CPU.ActiveCfg = Debug|Any CPU
		{6DBF93D0-8767-4052-8022-17087DAE8BDE}.Debug|Any CPU.Build.0 = Debug|Any CPU
		{6DBF93D0-8767-4052-8022-17087DAE8BDE}.Release|Any CPU.ActiveCfg = Release|Any CPU
		{6DBF93D0-8767-4052-8022-17087DAE8BDE}.Release|Any CPU.Build.0 = Release|Any CPU
		{6DBF93D0-8767-4052-8022-17087DAE8BDE}.SQL2008|Any CPU.ActiveCfg = SQL2008|Any CPU
		{6DBF93D0-8767-4052-8022-17087DAE8BDE}.SQL2008|Any CPU.Build.0 = SQL2008|Any CPU
		{E31B62A2-2FEF-4EF9-AADC-21B24885E035}.Debug|Any CPU.ActiveCfg = Debug|Any CPU
		{E31B62A2-2FEF-4EF9-AADC-21B24885E035}.Debug|Any CPU.Build.0 = Debug|Any CPU
		{E31B62A2-2FEF-4EF9-AADC-21B24885E035}.Release|Any CPU.ActiveCfg = Release|Any CPU
		{E31B62A2-2FEF-4EF9-AADC-21B24885E035}.Release|Any CPU.Build.0 = Release|Any CPU
		{E31B62A2-2FEF-4EF9-AADC-21B24885E035}.SQL2008|Any CPU.ActiveCfg = SQL2008|Any CPU
		{E31B62A2-2FEF-4EF9-AADC-21B24885E035}.SQL2008|Any CPU.Build.0 = SQL2008|Any CPU
		{AE0B26CF-9B06-4310-B538-839A909DA571}.Debug|Any CPU.ActiveCfg = Debug|Any CPU
		{AE0B26CF-9B06-4310-B538-839A909DA571}.Debug|Any CPU.Build.0 = Debug|Any CPU
		{AE0B26CF-9B06-4310-B538-839A909DA571}.Release|Any CPU.ActiveCfg = Release|Any CPU
		{AE0B26CF-9B06-4310-B538-839A909DA571}.Release|Any CPU.Build.0 = Release|Any CPU
		{AE0B26CF-9B06-4310-B538-839A909DA571}.SQL2008|Any CPU.ActiveCfg = SQL2008|Any CPU
		{AE0B26CF-9B06-4310-B538-839A909DA571}.SQL2008|Any CPU.Build.0 = SQL2008|Any CPU
		{43AE4275-6E9C-41DC-AEE9-EC54FC739B87}.Debug|Any CPU.ActiveCfg = Debug|Any CPU
		{43AE4275-6E9C-41DC-AEE9-EC54FC739B87}.Debug|Any CPU.Build.0 = Debug|Any CPU
		{43AE4275-6E9C-41DC-AEE9-EC54FC739B87}.Release|Any CPU.ActiveCfg = Release|Any CPU
		{43AE4275-6E9C-41DC-AEE9-EC54FC739B87}.Release|Any CPU.Build.0 = Release|Any CPU
		{43AE4275-6E9C-41DC-AEE9-EC54FC739B87}.SQL2008|Any CPU.ActiveCfg = SQL2008|Any CPU
		{43AE4275-6E9C-41DC-AEE9-EC54FC739B87}.SQL2008|Any CPU.Build.0 = SQL2008|Any CPU
		{85E43634-91E4-4DB8-A3BC-E90FA681C24E}.Debug|Any CPU.ActiveCfg = Debug|Any CPU
		{85E43634-91E4-4DB8-A3BC-E90FA681C24E}.Debug|Any CPU.Build.0 = Debug|Any CPU
		{85E43634-91E4-4DB8-A3BC-E90FA681C24E}.Release|Any CPU.ActiveCfg = Release|Any CPU
		{85E43634-91E4-4DB8-A3BC-E90FA681C24E}.Release|Any CPU.Build.0 = Release|Any CPU
		{85E43634-91E4-4DB8-A3BC-E90FA681C24E}.SQL2008|Any CPU.ActiveCfg = SQL2008|Any CPU
		{85E43634-91E4-4DB8-A3BC-E90FA681C24E}.SQL2008|Any CPU.Build.0 = SQL2008|Any CPU
		{2E0E024B-31C4-464F-9F7E-3E9169E0EAF0}.Debug|Any CPU.ActiveCfg = Debug|Any CPU
		{2E0E024B-31C4-464F-9F7E-3E9169E0EAF0}.Debug|Any CPU.Build.0 = Debug|Any CPU
		{2E0E024B-31C4-464F-9F7E-3E9169E0EAF0}.Release|Any CPU.ActiveCfg = Release|Any CPU
		{2E0E024B-31C4-464F-9F7E-3E9169E0EAF0}.Release|Any CPU.Build.0 = Release|Any CPU
		{2E0E024B-31C4-464F-9F7E-3E9169E0EAF0}.SQL2008|Any CPU.ActiveCfg = SQL2008|Any CPU
		{2E0E024B-31C4-464F-9F7E-3E9169E0EAF0}.SQL2008|Any CPU.Build.0 = SQL2008|Any CPU
		{89E22910-D2AA-41E2-9717-FC7B27DEC865}.Debug|Any CPU.ActiveCfg = Debug|Any CPU
		{89E22910-D2AA-41E2-9717-FC7B27DEC865}.Debug|Any CPU.Build.0 = Debug|Any CPU
		{89E22910-D2AA-41E2-9717-FC7B27DEC865}.Release|Any CPU.ActiveCfg = Release|Any CPU
		{89E22910-D2AA-41E2-9717-FC7B27DEC865}.Release|Any CPU.Build.0 = Release|Any CPU
		{89E22910-D2AA-41E2-9717-FC7B27DEC865}.SQL2008|Any CPU.ActiveCfg = SQL2008|Any CPU
		{89E22910-D2AA-41E2-9717-FC7B27DEC865}.SQL2008|Any CPU.Build.0 = SQL2008|Any CPU
		{91E303FD-01E0-4F79-A6DC-E68BF24B2B04}.Debug|Any CPU.ActiveCfg = Debug|Any CPU
		{91E303FD-01E0-4F79-A6DC-E68BF24B2B04}.Debug|Any CPU.Build.0 = Debug|Any CPU
		{91E303FD-01E0-4F79-A6DC-E68BF24B2B04}.Release|Any CPU.ActiveCfg = Release|Any CPU
		{91E303FD-01E0-4F79-A6DC-E68BF24B2B04}.Release|Any CPU.Build.0 = Release|Any CPU
		{91E303FD-01E0-4F79-A6DC-E68BF24B2B04}.SQL2008|Any CPU.ActiveCfg = SQL2008|Any CPU
		{91E303FD-01E0-4F79-A6DC-E68BF24B2B04}.SQL2008|Any CPU.Build.0 = SQL2008|Any CPU
		{9156EE53-0EED-4467-B5EF-4583F9DC3645}.Debug|Any CPU.ActiveCfg = Debug|Any CPU
		{9156EE53-0EED-4467-B5EF-4583F9DC3645}.Debug|Any CPU.Build.0 = Debug|Any CPU
		{9156EE53-0EED-4467-B5EF-4583F9DC3645}.Release|Any CPU.ActiveCfg = Release|Any CPU
		{9156EE53-0EED-4467-B5EF-4583F9DC3645}.Release|Any CPU.Build.0 = Release|Any CPU
		{9156EE53-0EED-4467-B5EF-4583F9DC3645}.SQL2008|Any CPU.ActiveCfg = SQL2008|Any CPU
		{9156EE53-0EED-4467-B5EF-4583F9DC3645}.SQL2008|Any CPU.Build.0 = SQL2008|Any CPU
		{880F65EA-1A22-4672-A137-FFC912902046}.Debug|Any CPU.ActiveCfg = Debug|Any CPU
		{880F65EA-1A22-4672-A137-FFC912902046}.Debug|Any CPU.Build.0 = Debug|Any CPU
		{880F65EA-1A22-4672-A137-FFC912902046}.Release|Any CPU.ActiveCfg = Release|Any CPU
		{880F65EA-1A22-4672-A137-FFC912902046}.Release|Any CPU.Build.0 = Release|Any CPU
		{880F65EA-1A22-4672-A137-FFC912902046}.SQL2008|Any CPU.ActiveCfg = SQL2008|Any CPU
		{880F65EA-1A22-4672-A137-FFC912902046}.SQL2008|Any CPU.Build.0 = SQL2008|Any CPU
		{F67214B7-DBB5-4C04-BC13-690CFDB92965}.Debug|Any CPU.ActiveCfg = Debug|Any CPU
		{F67214B7-DBB5-4C04-BC13-690CFDB92965}.Debug|Any CPU.Build.0 = Debug|Any CPU
		{F67214B7-DBB5-4C04-BC13-690CFDB92965}.Release|Any CPU.ActiveCfg = Release|Any CPU
		{F67214B7-DBB5-4C04-BC13-690CFDB92965}.Release|Any CPU.Build.0 = Release|Any CPU
		{F67214B7-DBB5-4C04-BC13-690CFDB92965}.SQL2008|Any CPU.ActiveCfg = SQL2008|Any CPU
		{F67214B7-DBB5-4C04-BC13-690CFDB92965}.SQL2008|Any CPU.Build.0 = SQL2008|Any CPU
		{2D2D7E24-C82E-44F1-AF62-78A647570448}.Debug|Any CPU.ActiveCfg = Debug|Any CPU
		{2D2D7E24-C82E-44F1-AF62-78A647570448}.Debug|Any CPU.Build.0 = Debug|Any CPU
		{2D2D7E24-C82E-44F1-AF62-78A647570448}.Release|Any CPU.ActiveCfg = Release|Any CPU
		{2D2D7E24-C82E-44F1-AF62-78A647570448}.Release|Any CPU.Build.0 = Release|Any CPU
		{2D2D7E24-C82E-44F1-AF62-78A647570448}.SQL2008|Any CPU.ActiveCfg = SQL2008|Any CPU
		{2D2D7E24-C82E-44F1-AF62-78A647570448}.SQL2008|Any CPU.Build.0 = SQL2008|Any CPU
		{5B887177-D99B-4505-B9CD-592363E9AB51}.Debug|Any CPU.ActiveCfg = Debug|Any CPU
		{5B887177-D99B-4505-B9CD-592363E9AB51}.Debug|Any CPU.Build.0 = Debug|Any CPU
		{5B887177-D99B-4505-B9CD-592363E9AB51}.Release|Any CPU.ActiveCfg = Release|Any CPU
		{5B887177-D99B-4505-B9CD-592363E9AB51}.Release|Any CPU.Build.0 = Release|Any CPU
		{5B887177-D99B-4505-B9CD-592363E9AB51}.SQL2008|Any CPU.ActiveCfg = SQL2008|Any CPU
		{5B887177-D99B-4505-B9CD-592363E9AB51}.SQL2008|Any CPU.Build.0 = SQL2008|Any CPU
		{2A4B5398-1C8C-46F3-994A-4D66AB77C56F}.Debug|Any CPU.ActiveCfg = Debug|Any CPU
		{2A4B5398-1C8C-46F3-994A-4D66AB77C56F}.Debug|Any CPU.Build.0 = Debug|Any CPU
		{2A4B5398-1C8C-46F3-994A-4D66AB77C56F}.Release|Any CPU.ActiveCfg = Release|Any CPU
		{2A4B5398-1C8C-46F3-994A-4D66AB77C56F}.Release|Any CPU.Build.0 = Release|Any CPU
		{2A4B5398-1C8C-46F3-994A-4D66AB77C56F}.SQL2008|Any CPU.ActiveCfg = SQL2008|Any CPU
		{2A4B5398-1C8C-46F3-994A-4D66AB77C56F}.SQL2008|Any CPU.Build.0 = SQL2008|Any CPU
	EndGlobalSection
	GlobalSection(SolutionProperties) = preSolution
		HideSolutionNode = FALSE
	EndGlobalSection
	GlobalSection(NestedProjects) = preSolution
		{0403B026-5047-41A4-98EE-62F2D92B812C} = {690AA1DD-503E-47C0-AA58-53529331D847}
		{1571576A-27DE-4470-8AAD-A76E8CF111D1} = {690AA1DD-503E-47C0-AA58-53529331D847}
		{EAB144DB-F0C6-4192-8FA7-AFBA2A663A8C} = {690AA1DD-503E-47C0-AA58-53529331D847}
		{176E6AB2-A219-4A45-9374-EEDB725B3B1C} = {690AA1DD-503E-47C0-AA58-53529331D847}
		{8A00570F-4D51-46EE-BA1D-52EC2A7BD38A} = {690AA1DD-503E-47C0-AA58-53529331D847}
		{16ABD509-8E84-46F5-9F56-1E5E4B5B3913} = {690AA1DD-503E-47C0-AA58-53529331D847}
		{4F6F2194-F11D-4CC6-8BB1-7D20F97EC082} = {690AA1DD-503E-47C0-AA58-53529331D847}
		{96A49FC6-0C38-4DFB-ABED-D1682B7EFF2D} = {690AA1DD-503E-47C0-AA58-53529331D847}
		{6DBF93D0-8767-4052-8022-17087DAE8BDE} = {690AA1DD-503E-47C0-AA58-53529331D847}
		{AE0B26CF-9B06-4310-B538-839A909DA571} = {690AA1DD-503E-47C0-AA58-53529331D847}
		{880F65EA-1A22-4672-A137-FFC912902046} = {690AA1DD-503E-47C0-AA58-53529331D847}
		{F67214B7-DBB5-4C04-BC13-690CFDB92965} = {690AA1DD-503E-47C0-AA58-53529331D847}
		{2A4B5398-1C8C-46F3-994A-4D66AB77C56F} = {690AA1DD-503E-47C0-AA58-53529331D847}
	EndGlobalSection
EndGlobal
