
Microsoft Visual Studio Solution File, Format Version 12.00
# Visual Studio 2012
Project("{FAE04EC0-301F-11D3-BF4B-00C04F79EFBC}") = "Qorpent.Core", "Qorpent.Core\Qorpent.Core.csproj", "{880F65EA-1A22-4672-A137-FFC91290A209}"
EndProject
Project("{2150E333-8FDC-42A3-9474-1A3956D46DE8}") = "Tests", "Tests", "{690AA1DD-503E-47C0-AA58-53529331D847}"
EndProject
Project("{2150E333-8FDC-42A3-9474-1A3956D46DE8}") = "commons", "commons", "{C2A79FDB-910A-44E8-9B99-710642104C7E}"
	ProjectSection(SolutionItems) = preProject
		.gitattributes = .gitattributes
		.gitignore = .gitignore
		build = build
		commons\default-log.ioc-manifest.bxl = commons\default-log.ioc-manifest.bxl
		commons\default-template.build = commons\default-template.build
		install = install
		commons\log.ioc-template = commons\log.ioc-template
		commons\ndoc3ext.xslt = commons\ndoc3ext.xslt
		commons\notes.txt = commons\notes.txt
		PackageAssemblyInfo.cs = PackageAssemblyInfo.cs
		README.md = README.md
		commons\webapp.build = commons\webapp.build
	EndProjectSection
EndProject
Project("{FAE04EC0-301F-11D3-BF4B-00C04F79EFBC}") = "Qorpent.Dsl", "Qorpent.Dsl\Qorpent.Dsl.csproj", "{B758E220-22F5-47DF-A73B-BC9B1A3DBDC3}"
EndProject
Project("{FAE04EC0-301F-11D3-BF4B-00C04F79EFBC}") = "Qorpent.Bxl", "Qorpent.Bxl\Qorpent.Bxl.csproj", "{381DEC86-5709-4A64-BD9F-462E792884CE}"
EndProject
Project("{FAE04EC0-301F-11D3-BF4B-00C04F79EFBC}") = "Qorpent.Utils", "Qorpent.Utils\Qorpent.Utils.csproj", "{880F65EA-1A22-4672-A137-FFC912902112}"
EndProject
Project("{FAE04EC0-301F-11D3-BF4B-00C04F79EFBC}") = "Qorpent.IO", "Qorpent.IO\Qorpent.IO.csproj", "{426C92DF-3C40-426C-B0BE-40A1DF9044C2}"
EndProject
Project("{FAE04EC0-301F-11D3-BF4B-00C04F79EFBC}") = "Qorpent.IoC", "Qorpent.IoC\Qorpent.IoC.csproj", "{62F22FFA-A1CF-4A74-838C-9AB33A9442EA}"
EndProject
Project("{FAE04EC0-301F-11D3-BF4B-00C04F79EFBC}") = "Qorpent.Log", "Qorpent.Log\Qorpent.Log.csproj", "{77D47855-A3D4-4B92-9FC0-C2EDEE27A8A7}"
EndProject
Project("{FAE04EC0-301F-11D3-BF4B-00C04F79EFBC}") = "Qorpent.Mvc", "Qorpent.Mvc\Qorpent.Mvc.csproj", "{96885C8F-AD20-41B4-86EE-BC9B3D47D9F9}"
EndProject
Project("{FAE04EC0-301F-11D3-BF4B-00C04F79EFBC}") = "Qorpent.Security", "Qorpent.Security\Qorpent.Security.csproj", "{ECB429BC-3E76-4FCD-897E-235B546C8738}"
EndProject
Project("{FAE04EC0-301F-11D3-BF4B-00C04F79EFBC}") = "Qorpent.Serialization", "Qorpent.Serialization\Qorpent.Serialization.csproj", "{21971F28-8ED8-4F50-B623-E9DB2658AF54}"
EndProject
Project("{FAE04EC0-301F-11D3-BF4B-00C04F79EFBC}") = "Qorpent.Bxl.Tests", "Qorpent.Bxl.Tests\Qorpent.Bxl.Tests.csproj", "{E1FDF85D-C016-4136-B42F-565598341058}"
EndProject
Project("{FAE04EC0-301F-11D3-BF4B-00C04F79EFBC}") = "Qorpent.Core.Tests", "Qorpent.Core.Tests\Qorpent.Core.Tests.csproj", "{880F65EA-1A22-4672-A137-FFC912902046}"
EndProject
Project("{FAE04EC0-301F-11D3-BF4B-00C04F79EFBC}") = "Qorpent.Dsl.Tests", "Qorpent.Dsl.Tests\Qorpent.Dsl.Tests.csproj", "{7A163EB3-715F-4D13-B720-1E6645380E20}"
EndProject
Project("{FAE04EC0-301F-11D3-BF4B-00C04F79EFBC}") = "Qorpent.IoC.Tests", "Qorpent.IoC.Tests\Qorpent.IoC.Tests.csproj", "{0403B026-5047-41A4-98EE-62F2D92B812C}"
EndProject
Project("{FAE04EC0-301F-11D3-BF4B-00C04F79EFBC}") = "Qorpent.Log.Tests", "Qorpent.Log.Tests\Qorpent.Log.Tests.csproj", "{1571576A-27DE-4470-8AAD-A76E8CF111D1}"
EndProject
Project("{FAE04EC0-301F-11D3-BF4B-00C04F79EFBC}") = "Qorpent.Mvc.Tests", "Qorpent.Mvc.Tests\Qorpent.Mvc.Tests.csproj", "{EAB144DB-F0C6-4192-8FA7-AFBA2A663A8C}"
EndProject
Project("{FAE04EC0-301F-11D3-BF4B-00C04F79EFBC}") = "Qorpent.Security.Tests", "Qorpent.Security.Tests\Qorpent.Security.Tests.csproj", "{176E6AB2-A219-4A45-9374-EEDB725B3B1C}"
EndProject
Project("{FAE04EC0-301F-11D3-BF4B-00C04F79EFBC}") = "Qorpent.Serialization.Tests", "Qorpent.Serialization.Tests\Qorpent.Serialization.Tests.csproj", "{8A00570F-4D51-46EE-BA1D-52EC2A7BD38A}"
EndProject
Project("{FAE04EC0-301F-11D3-BF4B-00C04F79EFBC}") = "Qorpent.Utils.Tests", "Qorpent.Utils.Tests\Qorpent.Utils.Tests.csproj", "{880F65EA-1A22-4672-A137-FFC912902113}"
EndProject
Project("{FAE04EC0-301F-11D3-BF4B-00C04F79EFBC}") = "Qorpent.Data", "Qorpent.Data\Qorpent.Data.csproj", "{E762ABB0-9982-444C-A2B5-23B5866954F3}"
EndProject
Project("{FAE04EC0-301F-11D3-BF4B-00C04F79EFBC}") = "Qorpent.Data.Tests", "Qorpent.Data.Tests\Qorpent.Data.Tests.csproj", "{16ABD509-8E84-46F5-9F56-1E5E4B5B3913}"
EndProject
Project("{FAE04EC0-301F-11D3-BF4B-00C04F79EFBC}") = "Qorpent.IO.Tests", "Qorpent.IO.Tests\Qorpent.IO.Tests.csproj", "{4F6F2194-F11D-4CC6-8BB1-7D20F97EC082}"
EndProject
Global
	GlobalSection(SolutionConfigurationPlatforms) = preSolution
		Debug|Any CPU = Debug|Any CPU
		Release|Any CPU = Release|Any CPU
		SQL2008|Any CPU = SQL2008|Any CPU
	EndGlobalSection
	GlobalSection(ProjectConfigurationPlatforms) = postSolution
		{880F65EA-1A22-4672-A137-FFC91290A209}.Debug|Any CPU.ActiveCfg = Debug|Any CPU
		{880F65EA-1A22-4672-A137-FFC91290A209}.Debug|Any CPU.Build.0 = Debug|Any CPU
		{880F65EA-1A22-4672-A137-FFC91290A209}.Release|Any CPU.ActiveCfg = Release|Any CPU
		{880F65EA-1A22-4672-A137-FFC91290A209}.Release|Any CPU.Build.0 = Release|Any CPU
		{880F65EA-1A22-4672-A137-FFC91290A209}.SQL2008|Any CPU.ActiveCfg = SQL2008|Any CPU
		{880F65EA-1A22-4672-A137-FFC91290A209}.SQL2008|Any CPU.Build.0 = SQL2008|Any CPU
		{B758E220-22F5-47DF-A73B-BC9B1A3DBDC3}.Debug|Any CPU.ActiveCfg = Debug|Any CPU
		{B758E220-22F5-47DF-A73B-BC9B1A3DBDC3}.Debug|Any CPU.Build.0 = Debug|Any CPU
		{B758E220-22F5-47DF-A73B-BC9B1A3DBDC3}.Release|Any CPU.ActiveCfg = Release|Any CPU
		{B758E220-22F5-47DF-A73B-BC9B1A3DBDC3}.Release|Any CPU.Build.0 = Release|Any CPU
		{B758E220-22F5-47DF-A73B-BC9B1A3DBDC3}.SQL2008|Any CPU.ActiveCfg = SQL2008|Any CPU
		{B758E220-22F5-47DF-A73B-BC9B1A3DBDC3}.SQL2008|Any CPU.Build.0 = SQL2008|Any CPU
		{381DEC86-5709-4A64-BD9F-462E792884CE}.Debug|Any CPU.ActiveCfg = Debug|Any CPU
		{381DEC86-5709-4A64-BD9F-462E792884CE}.Debug|Any CPU.Build.0 = Debug|Any CPU
		{381DEC86-5709-4A64-BD9F-462E792884CE}.Release|Any CPU.ActiveCfg = Release|Any CPU
		{381DEC86-5709-4A64-BD9F-462E792884CE}.Release|Any CPU.Build.0 = Release|Any CPU
		{381DEC86-5709-4A64-BD9F-462E792884CE}.SQL2008|Any CPU.ActiveCfg = SQL2008|Any CPU
		{381DEC86-5709-4A64-BD9F-462E792884CE}.SQL2008|Any CPU.Build.0 = SQL2008|Any CPU
		{880F65EA-1A22-4672-A137-FFC912902112}.Debug|Any CPU.ActiveCfg = Debug|Any CPU
		{880F65EA-1A22-4672-A137-FFC912902112}.Debug|Any CPU.Build.0 = Debug|Any CPU
		{880F65EA-1A22-4672-A137-FFC912902112}.Release|Any CPU.ActiveCfg = Release|Any CPU
		{880F65EA-1A22-4672-A137-FFC912902112}.Release|Any CPU.Build.0 = Release|Any CPU
		{880F65EA-1A22-4672-A137-FFC912902112}.SQL2008|Any CPU.ActiveCfg = SQL2008|Any CPU
		{880F65EA-1A22-4672-A137-FFC912902112}.SQL2008|Any CPU.Build.0 = SQL2008|Any CPU
		{426C92DF-3C40-426C-B0BE-40A1DF9044C2}.Debug|Any CPU.ActiveCfg = Debug|Any CPU
		{426C92DF-3C40-426C-B0BE-40A1DF9044C2}.Debug|Any CPU.Build.0 = Debug|Any CPU
		{426C92DF-3C40-426C-B0BE-40A1DF9044C2}.Release|Any CPU.ActiveCfg = Release|Any CPU
		{426C92DF-3C40-426C-B0BE-40A1DF9044C2}.Release|Any CPU.Build.0 = Release|Any CPU
		{426C92DF-3C40-426C-B0BE-40A1DF9044C2}.SQL2008|Any CPU.ActiveCfg = SQL2008|Any CPU
		{426C92DF-3C40-426C-B0BE-40A1DF9044C2}.SQL2008|Any CPU.Build.0 = SQL2008|Any CPU
		{62F22FFA-A1CF-4A74-838C-9AB33A9442EA}.Debug|Any CPU.ActiveCfg = Debug|Any CPU
		{62F22FFA-A1CF-4A74-838C-9AB33A9442EA}.Debug|Any CPU.Build.0 = Debug|Any CPU
		{62F22FFA-A1CF-4A74-838C-9AB33A9442EA}.Release|Any CPU.ActiveCfg = Release|Any CPU
		{62F22FFA-A1CF-4A74-838C-9AB33A9442EA}.Release|Any CPU.Build.0 = Release|Any CPU
		{62F22FFA-A1CF-4A74-838C-9AB33A9442EA}.SQL2008|Any CPU.ActiveCfg = SQL2008|Any CPU
		{62F22FFA-A1CF-4A74-838C-9AB33A9442EA}.SQL2008|Any CPU.Build.0 = SQL2008|Any CPU
		{77D47855-A3D4-4B92-9FC0-C2EDEE27A8A7}.Debug|Any CPU.ActiveCfg = Debug|Any CPU
		{77D47855-A3D4-4B92-9FC0-C2EDEE27A8A7}.Debug|Any CPU.Build.0 = Debug|Any CPU
		{77D47855-A3D4-4B92-9FC0-C2EDEE27A8A7}.Release|Any CPU.ActiveCfg = Release|Any CPU
		{77D47855-A3D4-4B92-9FC0-C2EDEE27A8A7}.Release|Any CPU.Build.0 = Release|Any CPU
		{77D47855-A3D4-4B92-9FC0-C2EDEE27A8A7}.SQL2008|Any CPU.ActiveCfg = SQL2008|Any CPU
		{77D47855-A3D4-4B92-9FC0-C2EDEE27A8A7}.SQL2008|Any CPU.Build.0 = SQL2008|Any CPU
		{96885C8F-AD20-41B4-86EE-BC9B3D47D9F9}.Debug|Any CPU.ActiveCfg = Debug|Any CPU
		{96885C8F-AD20-41B4-86EE-BC9B3D47D9F9}.Debug|Any CPU.Build.0 = Debug|Any CPU
		{96885C8F-AD20-41B4-86EE-BC9B3D47D9F9}.Release|Any CPU.ActiveCfg = Release|Any CPU
		{96885C8F-AD20-41B4-86EE-BC9B3D47D9F9}.Release|Any CPU.Build.0 = Release|Any CPU
		{96885C8F-AD20-41B4-86EE-BC9B3D47D9F9}.SQL2008|Any CPU.ActiveCfg = SQL2008|Any CPU
		{96885C8F-AD20-41B4-86EE-BC9B3D47D9F9}.SQL2008|Any CPU.Build.0 = SQL2008|Any CPU
		{ECB429BC-3E76-4FCD-897E-235B546C8738}.Debug|Any CPU.ActiveCfg = Debug|Any CPU
		{ECB429BC-3E76-4FCD-897E-235B546C8738}.Debug|Any CPU.Build.0 = Debug|Any CPU
		{ECB429BC-3E76-4FCD-897E-235B546C8738}.Release|Any CPU.ActiveCfg = Release|Any CPU
		{ECB429BC-3E76-4FCD-897E-235B546C8738}.Release|Any CPU.Build.0 = Release|Any CPU
		{ECB429BC-3E76-4FCD-897E-235B546C8738}.SQL2008|Any CPU.ActiveCfg = SQL2008|Any CPU
		{ECB429BC-3E76-4FCD-897E-235B546C8738}.SQL2008|Any CPU.Build.0 = SQL2008|Any CPU
		{21971F28-8ED8-4F50-B623-E9DB2658AF54}.Debug|Any CPU.ActiveCfg = Debug|Any CPU
		{21971F28-8ED8-4F50-B623-E9DB2658AF54}.Debug|Any CPU.Build.0 = Debug|Any CPU
		{21971F28-8ED8-4F50-B623-E9DB2658AF54}.Release|Any CPU.ActiveCfg = Release|Any CPU
		{21971F28-8ED8-4F50-B623-E9DB2658AF54}.Release|Any CPU.Build.0 = Release|Any CPU
		{21971F28-8ED8-4F50-B623-E9DB2658AF54}.SQL2008|Any CPU.ActiveCfg = SQL2008|Any CPU
		{21971F28-8ED8-4F50-B623-E9DB2658AF54}.SQL2008|Any CPU.Build.0 = SQL2008|Any CPU
		{E1FDF85D-C016-4136-B42F-565598341058}.Debug|Any CPU.ActiveCfg = Debug|Any CPU
		{E1FDF85D-C016-4136-B42F-565598341058}.Debug|Any CPU.Build.0 = Debug|Any CPU
		{E1FDF85D-C016-4136-B42F-565598341058}.Release|Any CPU.ActiveCfg = Release|Any CPU
		{E1FDF85D-C016-4136-B42F-565598341058}.Release|Any CPU.Build.0 = Release|Any CPU
		{E1FDF85D-C016-4136-B42F-565598341058}.SQL2008|Any CPU.ActiveCfg = SQL2008|Any CPU
		{E1FDF85D-C016-4136-B42F-565598341058}.SQL2008|Any CPU.Build.0 = SQL2008|Any CPU
		{880F65EA-1A22-4672-A137-FFC912902046}.Debug|Any CPU.ActiveCfg = Debug|Any CPU
		{880F65EA-1A22-4672-A137-FFC912902046}.Debug|Any CPU.Build.0 = Debug|Any CPU
		{880F65EA-1A22-4672-A137-FFC912902046}.Release|Any CPU.ActiveCfg = Release|Any CPU
		{880F65EA-1A22-4672-A137-FFC912902046}.Release|Any CPU.Build.0 = Release|Any CPU
		{880F65EA-1A22-4672-A137-FFC912902046}.SQL2008|Any CPU.ActiveCfg = SQL2008|Any CPU
		{880F65EA-1A22-4672-A137-FFC912902046}.SQL2008|Any CPU.Build.0 = SQL2008|Any CPU
		{7A163EB3-715F-4D13-B720-1E6645380E20}.Debug|Any CPU.ActiveCfg = Debug|Any CPU
		{7A163EB3-715F-4D13-B720-1E6645380E20}.Debug|Any CPU.Build.0 = Debug|Any CPU
		{7A163EB3-715F-4D13-B720-1E6645380E20}.Release|Any CPU.ActiveCfg = Release|Any CPU
		{7A163EB3-715F-4D13-B720-1E6645380E20}.Release|Any CPU.Build.0 = Release|Any CPU
		{7A163EB3-715F-4D13-B720-1E6645380E20}.SQL2008|Any CPU.ActiveCfg = SQL2008|Any CPU
		{7A163EB3-715F-4D13-B720-1E6645380E20}.SQL2008|Any CPU.Build.0 = SQL2008|Any CPU
		{0403B026-5047-41A4-98EE-62F2D92B812C}.Debug|Any CPU.ActiveCfg = Debug|Any CPU
		{0403B026-5047-41A4-98EE-62F2D92B812C}.Debug|Any CPU.Build.0 = Debug|Any CPU
		{0403B026-5047-41A4-98EE-62F2D92B812C}.Release|Any CPU.ActiveCfg = Release|Any CPU
		{0403B026-5047-41A4-98EE-62F2D92B812C}.Release|Any CPU.Build.0 = Release|Any CPU
		{0403B026-5047-41A4-98EE-62F2D92B812C}.SQL2008|Any CPU.ActiveCfg = SQL2008|Any CPU
		{0403B026-5047-41A4-98EE-62F2D92B812C}.SQL2008|Any CPU.Build.0 = SQL2008|Any CPU
		{1571576A-27DE-4470-8AAD-A76E8CF111D1}.Debug|Any CPU.ActiveCfg = Debug|Any CPU
		{1571576A-27DE-4470-8AAD-A76E8CF111D1}.Debug|Any CPU.Build.0 = Debug|Any CPU
		{1571576A-27DE-4470-8AAD-A76E8CF111D1}.Release|Any CPU.ActiveCfg = Release|Any CPU
		{1571576A-27DE-4470-8AAD-A76E8CF111D1}.Release|Any CPU.Build.0 = Release|Any CPU
		{1571576A-27DE-4470-8AAD-A76E8CF111D1}.SQL2008|Any CPU.ActiveCfg = SQL2008|Any CPU
		{1571576A-27DE-4470-8AAD-A76E8CF111D1}.SQL2008|Any CPU.Build.0 = SQL2008|Any CPU
		{EAB144DB-F0C6-4192-8FA7-AFBA2A663A8C}.Debug|Any CPU.ActiveCfg = Debug|Any CPU
		{EAB144DB-F0C6-4192-8FA7-AFBA2A663A8C}.Debug|Any CPU.Build.0 = Debug|Any CPU
		{EAB144DB-F0C6-4192-8FA7-AFBA2A663A8C}.Release|Any CPU.ActiveCfg = Release|Any CPU
		{EAB144DB-F0C6-4192-8FA7-AFBA2A663A8C}.Release|Any CPU.Build.0 = Release|Any CPU
		{EAB144DB-F0C6-4192-8FA7-AFBA2A663A8C}.SQL2008|Any CPU.ActiveCfg = SQL2008|Any CPU
		{EAB144DB-F0C6-4192-8FA7-AFBA2A663A8C}.SQL2008|Any CPU.Build.0 = SQL2008|Any CPU
		{176E6AB2-A219-4A45-9374-EEDB725B3B1C}.Debug|Any CPU.ActiveCfg = Debug|Any CPU
		{176E6AB2-A219-4A45-9374-EEDB725B3B1C}.Debug|Any CPU.Build.0 = Debug|Any CPU
		{176E6AB2-A219-4A45-9374-EEDB725B3B1C}.Release|Any CPU.ActiveCfg = Release|Any CPU
		{176E6AB2-A219-4A45-9374-EEDB725B3B1C}.Release|Any CPU.Build.0 = Release|Any CPU
		{176E6AB2-A219-4A45-9374-EEDB725B3B1C}.SQL2008|Any CPU.ActiveCfg = SQL2008|Any CPU
		{176E6AB2-A219-4A45-9374-EEDB725B3B1C}.SQL2008|Any CPU.Build.0 = SQL2008|Any CPU
		{8A00570F-4D51-46EE-BA1D-52EC2A7BD38A}.Debug|Any CPU.ActiveCfg = Debug|Any CPU
		{8A00570F-4D51-46EE-BA1D-52EC2A7BD38A}.Debug|Any CPU.Build.0 = Debug|Any CPU
		{8A00570F-4D51-46EE-BA1D-52EC2A7BD38A}.Release|Any CPU.ActiveCfg = Release|Any CPU
		{8A00570F-4D51-46EE-BA1D-52EC2A7BD38A}.Release|Any CPU.Build.0 = Release|Any CPU
		{8A00570F-4D51-46EE-BA1D-52EC2A7BD38A}.SQL2008|Any CPU.ActiveCfg = SQL2008|Any CPU
		{8A00570F-4D51-46EE-BA1D-52EC2A7BD38A}.SQL2008|Any CPU.Build.0 = SQL2008|Any CPU
		{880F65EA-1A22-4672-A137-FFC912902113}.Debug|Any CPU.ActiveCfg = Debug|Any CPU
		{880F65EA-1A22-4672-A137-FFC912902113}.Debug|Any CPU.Build.0 = Debug|Any CPU
		{880F65EA-1A22-4672-A137-FFC912902113}.Release|Any CPU.ActiveCfg = Release|Any CPU
		{880F65EA-1A22-4672-A137-FFC912902113}.Release|Any CPU.Build.0 = Release|Any CPU
		{880F65EA-1A22-4672-A137-FFC912902113}.SQL2008|Any CPU.ActiveCfg = SQL2008|Any CPU
		{880F65EA-1A22-4672-A137-FFC912902113}.SQL2008|Any CPU.Build.0 = SQL2008|Any CPU
		{E762ABB0-9982-444C-A2B5-23B5866954F3}.Debug|Any CPU.ActiveCfg = Debug|Any CPU
		{E762ABB0-9982-444C-A2B5-23B5866954F3}.Debug|Any CPU.Build.0 = Debug|Any CPU
		{E762ABB0-9982-444C-A2B5-23B5866954F3}.Release|Any CPU.ActiveCfg = Release|Any CPU
		{E762ABB0-9982-444C-A2B5-23B5866954F3}.Release|Any CPU.Build.0 = Release|Any CPU
		{E762ABB0-9982-444C-A2B5-23B5866954F3}.SQL2008|Any CPU.ActiveCfg = SQL2008|Any CPU
		{E762ABB0-9982-444C-A2B5-23B5866954F3}.SQL2008|Any CPU.Build.0 = SQL2008|Any CPU
		{16ABD509-8E84-46F5-9F56-1E5E4B5B3913}.Debug|Any CPU.ActiveCfg = Debug|Any CPU
		{16ABD509-8E84-46F5-9F56-1E5E4B5B3913}.Debug|Any CPU.Build.0 = Debug|Any CPU
		{16ABD509-8E84-46F5-9F56-1E5E4B5B3913}.Release|Any CPU.ActiveCfg = Release|Any CPU
		{16ABD509-8E84-46F5-9F56-1E5E4B5B3913}.Release|Any CPU.Build.0 = Release|Any CPU
		{16ABD509-8E84-46F5-9F56-1E5E4B5B3913}.SQL2008|Any CPU.ActiveCfg = SQL2008|Any CPU
		{16ABD509-8E84-46F5-9F56-1E5E4B5B3913}.SQL2008|Any CPU.Build.0 = SQL2008|Any CPU
		{4F6F2194-F11D-4CC6-8BB1-7D20F97EC082}.Debug|Any CPU.ActiveCfg = Debug|Any CPU
		{4F6F2194-F11D-4CC6-8BB1-7D20F97EC082}.Debug|Any CPU.Build.0 = Debug|Any CPU
		{4F6F2194-F11D-4CC6-8BB1-7D20F97EC082}.Release|Any CPU.ActiveCfg = Release|Any CPU
		{4F6F2194-F11D-4CC6-8BB1-7D20F97EC082}.Release|Any CPU.Build.0 = Release|Any CPU
		{4F6F2194-F11D-4CC6-8BB1-7D20F97EC082}.SQL2008|Any CPU.ActiveCfg = SQL2008|Any CPU
		{4F6F2194-F11D-4CC6-8BB1-7D20F97EC082}.SQL2008|Any CPU.Build.0 = SQL2008|Any CPU
	EndGlobalSection
	GlobalSection(SolutionProperties) = preSolution
		HideSolutionNode = FALSE
	EndGlobalSection
	GlobalSection(NestedProjects) = preSolution
		{E1FDF85D-C016-4136-B42F-565598341058} = {690AA1DD-503E-47C0-AA58-53529331D847}
		{880F65EA-1A22-4672-A137-FFC912902046} = {690AA1DD-503E-47C0-AA58-53529331D847}
		{7A163EB3-715F-4D13-B720-1E6645380E20} = {690AA1DD-503E-47C0-AA58-53529331D847}
		{0403B026-5047-41A4-98EE-62F2D92B812C} = {690AA1DD-503E-47C0-AA58-53529331D847}
		{1571576A-27DE-4470-8AAD-A76E8CF111D1} = {690AA1DD-503E-47C0-AA58-53529331D847}
		{EAB144DB-F0C6-4192-8FA7-AFBA2A663A8C} = {690AA1DD-503E-47C0-AA58-53529331D847}
		{176E6AB2-A219-4A45-9374-EEDB725B3B1C} = {690AA1DD-503E-47C0-AA58-53529331D847}
		{8A00570F-4D51-46EE-BA1D-52EC2A7BD38A} = {690AA1DD-503E-47C0-AA58-53529331D847}
		{880F65EA-1A22-4672-A137-FFC912902113} = {690AA1DD-503E-47C0-AA58-53529331D847}
		{16ABD509-8E84-46F5-9F56-1E5E4B5B3913} = {690AA1DD-503E-47C0-AA58-53529331D847}
		{4F6F2194-F11D-4CC6-8BB1-7D20F97EC082} = {690AA1DD-503E-47C0-AA58-53529331D847}
	EndGlobalSection
EndGlobal
