
Microsoft Visual Studio Solution File, Format Version 12.00
# Visual Studio 2012
Project("{2150E333-8FDC-42A3-9474-1A3956D46DE8}") = "Solution Items", "Solution Items", "{142D4B49-1AB0-4D8D-A348-716887CAFAAC}"
	ProjectSection(SolutionItems) = preProject
		chart_default_attributes_generator.xslt = chart_default_attributes_generator.xslt
		api_constants_generator.xslt = api_constants_generator.xslt
		clean_fusion_chart_api.xml = clean_fusion_chart_api.xml
		get_charts.xslt = get_charts.xslt
		get_elements.xslt = get_elements.xslt
		get_types.xslt = get_types.xslt
		GetChartAttributes.xslt = GetChartAttributes.xslt
		merged_fusion_chart_api.xml = merged_fusion_chart_api.xml
		raw_fusion_chart_api.xml = raw_fusion_chart_api.xml
		raw_fusion_chart_api_distiller.xslt = raw_fusion_chart_api_distiller.xslt
		scripts.xslt = scripts.xslt
	EndProjectSection
EndProject
Project("{FAE04EC0-301F-11D3-BF4B-00C04F79EFBC}") = "fcapimerge", "fcapimerge\fcapimerge.csproj", "{ECB9A893-6468-470E-A3F9-6291954363F9}"
EndProject
Project("{FAE04EC0-301F-11D3-BF4B-00C04F79EFBC}") = "Qorpent.Core", "..\..\Qorpent.Core\Qorpent.Core.csproj", "{880F65EA-1A22-4672-A137-FFC91290A209}"
EndProject
Project("{FAE04EC0-301F-11D3-BF4B-00C04F79EFBC}") = "Qorpent.Utils", "..\..\Qorpent.Utils\Qorpent.Utils.csproj", "{880F65EA-1A22-4672-A137-FFC912902112}"
EndProject
Project("{FAE04EC0-301F-11D3-BF4B-00C04F79EFBC}") = "Qorpent.Serialization", "..\Qorpent.Serialization.csproj", "{21971F28-8ED8-4F50-B623-E9DB2658AF54}"
EndProject
Global
	GlobalSection(SolutionConfigurationPlatforms) = preSolution
		Debug|Any CPU = Debug|Any CPU
		Release|Any CPU = Release|Any CPU
		SQL2008|Any CPU = SQL2008|Any CPU
	EndGlobalSection
	GlobalSection(ProjectConfigurationPlatforms) = postSolution
		{ECB9A893-6468-470E-A3F9-6291954363F9}.Debug|Any CPU.ActiveCfg = Debug|Any CPU
		{ECB9A893-6468-470E-A3F9-6291954363F9}.Debug|Any CPU.Build.0 = Debug|Any CPU
		{ECB9A893-6468-470E-A3F9-6291954363F9}.Release|Any CPU.ActiveCfg = Release|Any CPU
		{ECB9A893-6468-470E-A3F9-6291954363F9}.Release|Any CPU.Build.0 = Release|Any CPU
		{ECB9A893-6468-470E-A3F9-6291954363F9}.SQL2008|Any CPU.ActiveCfg = Release|Any CPU
		{ECB9A893-6468-470E-A3F9-6291954363F9}.SQL2008|Any CPU.Build.0 = Release|Any CPU
		{880F65EA-1A22-4672-A137-FFC91290A209}.Debug|Any CPU.ActiveCfg = Debug|Any CPU
		{880F65EA-1A22-4672-A137-FFC91290A209}.Debug|Any CPU.Build.0 = Debug|Any CPU
		{880F65EA-1A22-4672-A137-FFC91290A209}.Release|Any CPU.ActiveCfg = Release|Any CPU
		{880F65EA-1A22-4672-A137-FFC91290A209}.Release|Any CPU.Build.0 = Release|Any CPU
		{880F65EA-1A22-4672-A137-FFC91290A209}.SQL2008|Any CPU.ActiveCfg = SQL2008|Any CPU
		{880F65EA-1A22-4672-A137-FFC91290A209}.SQL2008|Any CPU.Build.0 = SQL2008|Any CPU
		{880F65EA-1A22-4672-A137-FFC912902112}.Debug|Any CPU.ActiveCfg = Debug|Any CPU
		{880F65EA-1A22-4672-A137-FFC912902112}.Debug|Any CPU.Build.0 = Debug|Any CPU
		{880F65EA-1A22-4672-A137-FFC912902112}.Release|Any CPU.ActiveCfg = Release|Any CPU
		{880F65EA-1A22-4672-A137-FFC912902112}.Release|Any CPU.Build.0 = Release|Any CPU
		{880F65EA-1A22-4672-A137-FFC912902112}.SQL2008|Any CPU.ActiveCfg = SQL2008|Any CPU
		{880F65EA-1A22-4672-A137-FFC912902112}.SQL2008|Any CPU.Build.0 = SQL2008|Any CPU
		{21971F28-8ED8-4F50-B623-E9DB2658AF54}.Debug|Any CPU.ActiveCfg = Debug|Any CPU
		{21971F28-8ED8-4F50-B623-E9DB2658AF54}.Debug|Any CPU.Build.0 = Debug|Any CPU
		{21971F28-8ED8-4F50-B623-E9DB2658AF54}.Release|Any CPU.ActiveCfg = Release|Any CPU
		{21971F28-8ED8-4F50-B623-E9DB2658AF54}.Release|Any CPU.Build.0 = Release|Any CPU
		{21971F28-8ED8-4F50-B623-E9DB2658AF54}.SQL2008|Any CPU.ActiveCfg = SQL2008|Any CPU
		{21971F28-8ED8-4F50-B623-E9DB2658AF54}.SQL2008|Any CPU.Build.0 = SQL2008|Any CPU
	EndGlobalSection
	GlobalSection(SolutionProperties) = preSolution
		HideSolutionNode = FALSE
	EndGlobalSection
EndGlobal
